
Microsoft Visual Studio Solution File, Format Version 12.00
# Visual Studio Version 17
VisualStudioVersion = 17.4.33213.308
MinimumVisualStudioVersion = 10.0.40219.1
Project("{8BC9CEB8-8B4A-11D0-8D11-00A0C91BC942}") = "NeuralNet9", "NeuralNet9.vcxproj", "{88258872-E0F7-4A39-938A-276EDF7EAA0C}"
	ProjectSection(ProjectDependencies) = postProject
		{07F662C1-1323-42AB-B6AF-FBFD34A7437A} = {07F662C1-1323-42AB-B6AF-FBFD34A7437A}
		{097D9F6C-FD0E-4CBC-9676-009012AAECA8} = {097D9F6C-FD0E-4CBC-9676-009012AAECA8}
		{17A4874B-0606-4687-90B6-F91F8CB3B8AF} = {17A4874B-0606-4687-90B6-F91F8CB3B8AF}
		{244455E0-5F25-4451-9540-F317883E52A8} = {244455E0-5F25-4451-9540-F317883E52A8}
		{33134F61-C1AD-4B6F-9CEA-503A9F140C52} = {33134F61-C1AD-4B6F-9CEA-503A9F140C52}
		{537A7B56-CC74-4295-8F5C-64C97902D05D} = {537A7B56-CC74-4295-8F5C-64C97902D05D}
		{5E1D4E5F-E10C-4BA3-B663-F33014FD21D9} = {5E1D4E5F-E10C-4BA3-B663-F33014FD21D9}
		{7DB10B50-CE00-4D7A-B322-6824F05D2FCB} = {7DB10B50-CE00-4D7A-B322-6824F05D2FCB}
		{B39ED2B3-D53A-4077-B957-930979A3577D} = {B39ED2B3-D53A-4077-B957-930979A3577D}
		{CFDCA692-E321-43F4-BC61-8323666E28FF} = {CFDCA692-E321-43F4-BC61-8323666E28FF}
		{E3536C28-A7F1-4B53-8E52-7D2232F9E098} = {E3536C28-A7F1-4B53-8E52-7D2232F9E098}
		{EC085CBD-E9C3-477F-9A97-CB9D5DA30E27} = {EC085CBD-E9C3-477F-9A97-CB9D5DA30E27}
	EndProjectSection
EndProject
Project("{2150E333-8FDC-42A3-9474-1A3956D46DE8}") = "FreeImage", "FreeImage", "{ABCE8C38-108C-4862-9299-D17EF04888B8}"
EndProject
Project("{2150E333-8FDC-42A3-9474-1A3956D46DE8}") = "LSon", "LSon", "{C4E90865-E939-4CF1-8C80-911C368041BF}"
EndProject
Project("{8BC9CEB8-8B4A-11D0-8D11-00A0C91BC942}") = "LSon", "Libs\LSon\LSon.vcxproj", "{537A7B56-CC74-4295-8F5C-64C97902D05D}"
EndProject
Project("{2150E333-8FDC-42A3-9474-1A3956D46DE8}") = "LSXML", "LSXML", "{D0FFF8EC-55F7-4A36-A695-A3F0C3488631}"
EndProject
Project("{8BC9CEB8-8B4A-11D0-8D11-00A0C91BC942}") = "LSXML", "Libs\LSXML\LSXML.vcxproj", "{CFDCA692-E321-43F4-BC61-8323666E28FF}"
EndProject
Project("{8BC9CEB8-8B4A-11D0-8D11-00A0C91BC942}") = "FreeImage", "Libs\FreeImage\FreeImage.2008.vcxproj", "{B39ED2B3-D53A-4077-B957-930979A3577D}"
	ProjectSection(ProjectDependencies) = postProject
		{07F662C1-1323-42AB-B6AF-FBFD34A7437A} = {07F662C1-1323-42AB-B6AF-FBFD34A7437A}
		{097D9F6C-FD0E-4CBC-9676-009012AAECA8} = {097D9F6C-FD0E-4CBC-9676-009012AAECA8}
		{17A4874B-0606-4687-90B6-F91F8CB3B8AF} = {17A4874B-0606-4687-90B6-F91F8CB3B8AF}
		{244455E0-5F25-4451-9540-F317883E52A8} = {244455E0-5F25-4451-9540-F317883E52A8}
		{33134F61-C1AD-4B6F-9CEA-503A9F140C52} = {33134F61-C1AD-4B6F-9CEA-503A9F140C52}
		{5E1D4E5F-E10C-4BA3-B663-F33014FD21D9} = {5E1D4E5F-E10C-4BA3-B663-F33014FD21D9}
		{7DB10B50-CE00-4D7A-B322-6824F05D2FCB} = {7DB10B50-CE00-4D7A-B322-6824F05D2FCB}
		{E3536C28-A7F1-4B53-8E52-7D2232F9E098} = {E3536C28-A7F1-4B53-8E52-7D2232F9E098}
		{EC085CBD-E9C3-477F-9A97-CB9D5DA30E27} = {EC085CBD-E9C3-477F-9A97-CB9D5DA30E27}
	EndProjectSection
EndProject
Project("{8BC9CEB8-8B4A-11D0-8D11-00A0C91BC942}") = "LibJPEG", "Libs\FreeImage\Source\LibJPEG\LibJPEG.2008.vcxproj", "{5E1D4E5F-E10C-4BA3-B663-F33014FD21D9}"
EndProject
Project("{8BC9CEB8-8B4A-11D0-8D11-00A0C91BC942}") = "LibJXR", "Libs\FreeImage\Source\LibJXR\LibJXR.2008.vcxproj", "{244455E0-5F25-4451-9540-F317883E52A8}"
EndProject
Project("{8BC9CEB8-8B4A-11D0-8D11-00A0C91BC942}") = "LibOpenJPEG", "Libs\FreeImage\Source\LibOpenJPEG\LibOpenJPEG.2008.vcxproj", "{E3536C28-A7F1-4B53-8E52-7D2232F9E098}"
EndProject
Project("{8BC9CEB8-8B4A-11D0-8D11-00A0C91BC942}") = "LibPNG", "Libs\FreeImage\Source\LibPNG\LibPNG.2008.vcxproj", "{7DB10B50-CE00-4D7A-B322-6824F05D2FCB}"
EndProject
Project("{8BC9CEB8-8B4A-11D0-8D11-00A0C91BC942}") = "LibRaw", "Libs\FreeImage\Source\LibRawLite\LibRawLite.2008.vcxproj", "{07F662C1-1323-42AB-B6AF-FBFD34A7437A}"
EndProject
Project("{8BC9CEB8-8B4A-11D0-8D11-00A0C91BC942}") = "LibTIFF4", "Libs\FreeImage\Source\LibTIFF4\LibTIFF4.2008.vcxproj", "{EC085CBD-E9C3-477F-9A97-CB9D5DA30E27}"
EndProject
Project("{8BC9CEB8-8B4A-11D0-8D11-00A0C91BC942}") = "LibWebP", "Libs\FreeImage\Source\LibWebP\LibWebP.2008.vcxproj", "{097D9F6C-FD0E-4CBC-9676-009012AAECA8}"
EndProject
Project("{8BC9CEB8-8B4A-11D0-8D11-00A0C91BC942}") = "OpenEXR", "Libs\FreeImage\Source\OpenEXR\OpenEXR.2008.vcxproj", "{17A4874B-0606-4687-90B6-F91F8CB3B8AF}"
EndProject
Project("{8BC9CEB8-8B4A-11D0-8D11-00A0C91BC942}") = "ZLib", "Libs\FreeImage\Source\ZLib\ZLib.2008.vcxproj", "{33134F61-C1AD-4B6F-9CEA-503A9F140C52}"
EndProject
Global
	GlobalSection(SolutionConfigurationPlatforms) = preSolution
		Debug|x64 = Debug|x64
		Debug|x86 = Debug|x86
		Final|x64 = Final|x64
		Final|x86 = Final|x86
		Release|x64 = Release|x64
		Release|x86 = Release|x86
	EndGlobalSection
	GlobalSection(ProjectConfigurationPlatforms) = postSolution
		{88258872-E0F7-4A39-938A-276EDF7EAA0C}.Debug|x64.ActiveCfg = Debug|x64
		{88258872-E0F7-4A39-938A-276EDF7EAA0C}.Debug|x64.Build.0 = Debug|x64
		{88258872-E0F7-4A39-938A-276EDF7EAA0C}.Debug|x86.ActiveCfg = Debug|Win32
		{88258872-E0F7-4A39-938A-276EDF7EAA0C}.Debug|x86.Build.0 = Debug|Win32
		{88258872-E0F7-4A39-938A-276EDF7EAA0C}.Final|x64.ActiveCfg = Final|x64
		{88258872-E0F7-4A39-938A-276EDF7EAA0C}.Final|x64.Build.0 = Final|x64
		{88258872-E0F7-4A39-938A-276EDF7EAA0C}.Final|x86.ActiveCfg = Final|Win32
		{88258872-E0F7-4A39-938A-276EDF7EAA0C}.Final|x86.Build.0 = Final|Win32
		{88258872-E0F7-4A39-938A-276EDF7EAA0C}.Release|x64.ActiveCfg = Release|x64
		{88258872-E0F7-4A39-938A-276EDF7EAA0C}.Release|x64.Build.0 = Release|x64
		{88258872-E0F7-4A39-938A-276EDF7EAA0C}.Release|x86.ActiveCfg = Release|Win32
		{88258872-E0F7-4A39-938A-276EDF7EAA0C}.Release|x86.Build.0 = Release|Win32
		{537A7B56-CC74-4295-8F5C-64C97902D05D}.Debug|x64.ActiveCfg = Debug|x64
		{537A7B56-CC74-4295-8F5C-64C97902D05D}.Debug|x64.Build.0 = Debug|x64
		{537A7B56-CC74-4295-8F5C-64C97902D05D}.Debug|x86.ActiveCfg = Debug|Win32
		{537A7B56-CC74-4295-8F5C-64C97902D05D}.Debug|x86.Build.0 = Debug|Win32
		{537A7B56-CC74-4295-8F5C-64C97902D05D}.Final|x64.ActiveCfg = Final|x64
		{537A7B56-CC74-4295-8F5C-64C97902D05D}.Final|x64.Build.0 = Final|x64
		{537A7B56-CC74-4295-8F5C-64C97902D05D}.Final|x86.ActiveCfg = Final|Win32
		{537A7B56-CC74-4295-8F5C-64C97902D05D}.Final|x86.Build.0 = Final|Win32
		{537A7B56-CC74-4295-8F5C-64C97902D05D}.Release|x64.ActiveCfg = Release|x64
		{537A7B56-CC74-4295-8F5C-64C97902D05D}.Release|x64.Build.0 = Release|x64
		{537A7B56-CC74-4295-8F5C-64C97902D05D}.Release|x86.ActiveCfg = Release|Win32
		{537A7B56-CC74-4295-8F5C-64C97902D05D}.Release|x86.Build.0 = Release|Win32
		{CFDCA692-E321-43F4-BC61-8323666E28FF}.Debug|x64.ActiveCfg = Debug|x64
		{CFDCA692-E321-43F4-BC61-8323666E28FF}.Debug|x64.Build.0 = Debug|x64
		{CFDCA692-E321-43F4-BC61-8323666E28FF}.Debug|x86.ActiveCfg = Debug|Win32
		{CFDCA692-E321-43F4-BC61-8323666E28FF}.Debug|x86.Build.0 = Debug|Win32
		{CFDCA692-E321-43F4-BC61-8323666E28FF}.Final|x64.ActiveCfg = Final|x64
		{CFDCA692-E321-43F4-BC61-8323666E28FF}.Final|x64.Build.0 = Final|x64
		{CFDCA692-E321-43F4-BC61-8323666E28FF}.Final|x86.ActiveCfg = Final|Win32
		{CFDCA692-E321-43F4-BC61-8323666E28FF}.Final|x86.Build.0 = Final|Win32
		{CFDCA692-E321-43F4-BC61-8323666E28FF}.Release|x64.ActiveCfg = Release|x64
		{CFDCA692-E321-43F4-BC61-8323666E28FF}.Release|x64.Build.0 = Release|x64
		{CFDCA692-E321-43F4-BC61-8323666E28FF}.Release|x86.ActiveCfg = Release|Win32
		{CFDCA692-E321-43F4-BC61-8323666E28FF}.Release|x86.Build.0 = Release|Win32
		{B39ED2B3-D53A-4077-B957-930979A3577D}.Debug|x64.ActiveCfg = Debug|x64
		{B39ED2B3-D53A-4077-B957-930979A3577D}.Debug|x64.Build.0 = Debug|x64
		{B39ED2B3-D53A-4077-B957-930979A3577D}.Debug|x86.ActiveCfg = Debug|Win32
		{B39ED2B3-D53A-4077-B957-930979A3577D}.Debug|x86.Build.0 = Debug|Win32
		{B39ED2B3-D53A-4077-B957-930979A3577D}.Final|x64.ActiveCfg = Release|x64
		{B39ED2B3-D53A-4077-B957-930979A3577D}.Final|x64.Build.0 = Release|x64
		{B39ED2B3-D53A-4077-B957-930979A3577D}.Final|x86.ActiveCfg = Release|Win32
		{B39ED2B3-D53A-4077-B957-930979A3577D}.Final|x86.Build.0 = Release|Win32
		{B39ED2B3-D53A-4077-B957-930979A3577D}.Release|x64.ActiveCfg = Release|x64
		{B39ED2B3-D53A-4077-B957-930979A3577D}.Release|x64.Build.0 = Release|x64
		{B39ED2B3-D53A-4077-B957-930979A3577D}.Release|x86.ActiveCfg = Release|Win32
		{B39ED2B3-D53A-4077-B957-930979A3577D}.Release|x86.Build.0 = Release|Win32
		{5E1D4E5F-E10C-4BA3-B663-F33014FD21D9}.Debug|x64.ActiveCfg = Debug|x64
		{5E1D4E5F-E10C-4BA3-B663-F33014FD21D9}.Debug|x64.Build.0 = Debug|x64
		{5E1D4E5F-E10C-4BA3-B663-F33014FD21D9}.Debug|x86.ActiveCfg = Debug|Win32
		{5E1D4E5F-E10C-4BA3-B663-F33014FD21D9}.Debug|x86.Build.0 = Debug|Win32
		{5E1D4E5F-E10C-4BA3-B663-F33014FD21D9}.Final|x64.ActiveCfg = Release|x64
		{5E1D4E5F-E10C-4BA3-B663-F33014FD21D9}.Final|x64.Build.0 = Release|x64
		{5E1D4E5F-E10C-4BA3-B663-F33014FD21D9}.Final|x86.ActiveCfg = Release|Win32
		{5E1D4E5F-E10C-4BA3-B663-F33014FD21D9}.Final|x86.Build.0 = Release|Win32
		{5E1D4E5F-E10C-4BA3-B663-F33014FD21D9}.Release|x64.ActiveCfg = Release|x64
		{5E1D4E5F-E10C-4BA3-B663-F33014FD21D9}.Release|x64.Build.0 = Release|x64
		{5E1D4E5F-E10C-4BA3-B663-F33014FD21D9}.Release|x86.ActiveCfg = Release|Win32
		{5E1D4E5F-E10C-4BA3-B663-F33014FD21D9}.Release|x86.Build.0 = Release|Win32
		{244455E0-5F25-4451-9540-F317883E52A8}.Debug|x64.ActiveCfg = Debug|x64
		{244455E0-5F25-4451-9540-F317883E52A8}.Debug|x64.Build.0 = Debug|x64
		{244455E0-5F25-4451-9540-F317883E52A8}.Debug|x86.ActiveCfg = Debug|Win32
		{244455E0-5F25-4451-9540-F317883E52A8}.Debug|x86.Build.0 = Debug|Win32
		{244455E0-5F25-4451-9540-F317883E52A8}.Final|x64.ActiveCfg = Release|x64
		{244455E0-5F25-4451-9540-F317883E52A8}.Final|x64.Build.0 = Release|x64
		{244455E0-5F25-4451-9540-F317883E52A8}.Final|x86.ActiveCfg = Release|Win32
		{244455E0-5F25-4451-9540-F317883E52A8}.Final|x86.Build.0 = Release|Win32
		{244455E0-5F25-4451-9540-F317883E52A8}.Release|x64.ActiveCfg = Release|x64
		{244455E0-5F25-4451-9540-F317883E52A8}.Release|x64.Build.0 = Release|x64
		{244455E0-5F25-4451-9540-F317883E52A8}.Release|x86.ActiveCfg = Release|Win32
		{244455E0-5F25-4451-9540-F317883E52A8}.Release|x86.Build.0 = Release|Win32
		{E3536C28-A7F1-4B53-8E52-7D2232F9E098}.Debug|x64.ActiveCfg = Debug|x64
		{E3536C28-A7F1-4B53-8E52-7D2232F9E098}.Debug|x64.Build.0 = Debug|x64
		{E3536C28-A7F1-4B53-8E52-7D2232F9E098}.Debug|x86.ActiveCfg = Debug|Win32
		{E3536C28-A7F1-4B53-8E52-7D2232F9E098}.Debug|x86.Build.0 = Debug|Win32
		{E3536C28-A7F1-4B53-8E52-7D2232F9E098}.Final|x64.ActiveCfg = Release|x64
		{E3536C28-A7F1-4B53-8E52-7D2232F9E098}.Final|x64.Build.0 = Release|x64
		{E3536C28-A7F1-4B53-8E52-7D2232F9E098}.Final|x86.ActiveCfg = Release|Win32
		{E3536C28-A7F1-4B53-8E52-7D2232F9E098}.Final|x86.Build.0 = Release|Win32
		{E3536C28-A7F1-4B53-8E52-7D2232F9E098}.Release|x64.ActiveCfg = Release|x64
		{E3536C28-A7F1-4B53-8E52-7D2232F9E098}.Release|x64.Build.0 = Release|x64
		{E3536C28-A7F1-4B53-8E52-7D2232F9E098}.Release|x86.ActiveCfg = Release|Win32
		{E3536C28-A7F1-4B53-8E52-7D2232F9E098}.Release|x86.Build.0 = Release|Win32
		{7DB10B50-CE00-4D7A-B322-6824F05D2FCB}.Debug|x64.ActiveCfg = Debug|x64
		{7DB10B50-CE00-4D7A-B322-6824F05D2FCB}.Debug|x64.Build.0 = Debug|x64
		{7DB10B50-CE00-4D7A-B322-6824F05D2FCB}.Debug|x86.ActiveCfg = Debug|Win32
		{7DB10B50-CE00-4D7A-B322-6824F05D2FCB}.Debug|x86.Build.0 = Debug|Win32
		{7DB10B50-CE00-4D7A-B322-6824F05D2FCB}.Final|x64.ActiveCfg = Release|x64
		{7DB10B50-CE00-4D7A-B322-6824F05D2FCB}.Final|x64.Build.0 = Release|x64
		{7DB10B50-CE00-4D7A-B322-6824F05D2FCB}.Final|x86.ActiveCfg = Release|Win32
		{7DB10B50-CE00-4D7A-B322-6824F05D2FCB}.Final|x86.Build.0 = Release|Win32
		{7DB10B50-CE00-4D7A-B322-6824F05D2FCB}.Release|x64.ActiveCfg = Release|x64
		{7DB10B50-CE00-4D7A-B322-6824F05D2FCB}.Release|x64.Build.0 = Release|x64
		{7DB10B50-CE00-4D7A-B322-6824F05D2FCB}.Release|x86.ActiveCfg = Release|Win32
		{7DB10B50-CE00-4D7A-B322-6824F05D2FCB}.Release|x86.Build.0 = Release|Win32
		{07F662C1-1323-42AB-B6AF-FBFD34A7437A}.Debug|x64.ActiveCfg = Debug|x64
		{07F662C1-1323-42AB-B6AF-FBFD34A7437A}.Debug|x64.Build.0 = Debug|x64
		{07F662C1-1323-42AB-B6AF-FBFD34A7437A}.Debug|x86.ActiveCfg = Debug|Win32
		{07F662C1-1323-42AB-B6AF-FBFD34A7437A}.Debug|x86.Build.0 = Debug|Win32
		{07F662C1-1323-42AB-B6AF-FBFD34A7437A}.Final|x64.ActiveCfg = Release|x64
		{07F662C1-1323-42AB-B6AF-FBFD34A7437A}.Final|x64.Build.0 = Release|x64
		{07F662C1-1323-42AB-B6AF-FBFD34A7437A}.Final|x86.ActiveCfg = Release|Win32
		{07F662C1-1323-42AB-B6AF-FBFD34A7437A}.Final|x86.Build.0 = Release|Win32
		{07F662C1-1323-42AB-B6AF-FBFD34A7437A}.Release|x64.ActiveCfg = Release|x64
		{07F662C1-1323-42AB-B6AF-FBFD34A7437A}.Release|x64.Build.0 = Release|x64
		{07F662C1-1323-42AB-B6AF-FBFD34A7437A}.Release|x86.ActiveCfg = Release|Win32
		{07F662C1-1323-42AB-B6AF-FBFD34A7437A}.Release|x86.Build.0 = Release|Win32
		{EC085CBD-E9C3-477F-9A97-CB9D5DA30E27}.Debug|x64.ActiveCfg = Debug|x64
		{EC085CBD-E9C3-477F-9A97-CB9D5DA30E27}.Debug|x64.Build.0 = Debug|x64
		{EC085CBD-E9C3-477F-9A97-CB9D5DA30E27}.Debug|x86.ActiveCfg = Debug|Win32
		{EC085CBD-E9C3-477F-9A97-CB9D5DA30E27}.Debug|x86.Build.0 = Debug|Win32
		{EC085CBD-E9C3-477F-9A97-CB9D5DA30E27}.Final|x64.ActiveCfg = Release|x64
		{EC085CBD-E9C3-477F-9A97-CB9D5DA30E27}.Final|x64.Build.0 = Release|x64
		{EC085CBD-E9C3-477F-9A97-CB9D5DA30E27}.Final|x86.ActiveCfg = Release|Win32
		{EC085CBD-E9C3-477F-9A97-CB9D5DA30E27}.Final|x86.Build.0 = Release|Win32
		{EC085CBD-E9C3-477F-9A97-CB9D5DA30E27}.Release|x64.ActiveCfg = Release|x64
		{EC085CBD-E9C3-477F-9A97-CB9D5DA30E27}.Release|x64.Build.0 = Release|x64
		{EC085CBD-E9C3-477F-9A97-CB9D5DA30E27}.Release|x86.ActiveCfg = Release|Win32
		{EC085CBD-E9C3-477F-9A97-CB9D5DA30E27}.Release|x86.Build.0 = Release|Win32
		{097D9F6C-FD0E-4CBC-9676-009012AAECA8}.Debug|x64.ActiveCfg = Debug|x64
		{097D9F6C-FD0E-4CBC-9676-009012AAECA8}.Debug|x64.Build.0 = Debug|x64
		{097D9F6C-FD0E-4CBC-9676-009012AAECA8}.Debug|x86.ActiveCfg = Debug|Win32
		{097D9F6C-FD0E-4CBC-9676-009012AAECA8}.Debug|x86.Build.0 = Debug|Win32
		{097D9F6C-FD0E-4CBC-9676-009012AAECA8}.Final|x64.ActiveCfg = Release|x64
		{097D9F6C-FD0E-4CBC-9676-009012AAECA8}.Final|x64.Build.0 = Release|x64
		{097D9F6C-FD0E-4CBC-9676-009012AAECA8}.Final|x86.ActiveCfg = Release|Win32
		{097D9F6C-FD0E-4CBC-9676-009012AAECA8}.Final|x86.Build.0 = Release|Win32
		{097D9F6C-FD0E-4CBC-9676-009012AAECA8}.Release|x64.ActiveCfg = Release|x64
		{097D9F6C-FD0E-4CBC-9676-009012AAECA8}.Release|x64.Build.0 = Release|x64
		{097D9F6C-FD0E-4CBC-9676-009012AAECA8}.Release|x86.ActiveCfg = Release|Win32
		{097D9F6C-FD0E-4CBC-9676-009012AAECA8}.Release|x86.Build.0 = Release|Win32
		{17A4874B-0606-4687-90B6-F91F8CB3B8AF}.Debug|x64.ActiveCfg = Debug|x64
		{17A4874B-0606-4687-90B6-F91F8CB3B8AF}.Debug|x64.Build.0 = Debug|x64
		{17A4874B-0606-4687-90B6-F91F8CB3B8AF}.Debug|x86.ActiveCfg = Debug|Win32
		{17A4874B-0606-4687-90B6-F91F8CB3B8AF}.Debug|x86.Build.0 = Debug|Win32
		{17A4874B-0606-4687-90B6-F91F8CB3B8AF}.Final|x64.ActiveCfg = Release|x64
		{17A4874B-0606-4687-90B6-F91F8CB3B8AF}.Final|x64.Build.0 = Release|x64
		{17A4874B-0606-4687-90B6-F91F8CB3B8AF}.Final|x86.ActiveCfg = Release|Win32
		{17A4874B-0606-4687-90B6-F91F8CB3B8AF}.Final|x86.Build.0 = Release|Win32
		{17A4874B-0606-4687-90B6-F91F8CB3B8AF}.Release|x64.ActiveCfg = Release|x64
		{17A4874B-0606-4687-90B6-F91F8CB3B8AF}.Release|x64.Build.0 = Release|x64
		{17A4874B-0606-4687-90B6-F91F8CB3B8AF}.Release|x86.ActiveCfg = Release|Win32
		{17A4874B-0606-4687-90B6-F91F8CB3B8AF}.Release|x86.Build.0 = Release|Win32
		{33134F61-C1AD-4B6F-9CEA-503A9F140C52}.Debug|x64.ActiveCfg = Debug|x64
		{33134F61-C1AD-4B6F-9CEA-503A9F140C52}.Debug|x64.Build.0 = Debug|x64
		{33134F61-C1AD-4B6F-9CEA-503A9F140C52}.Debug|x86.ActiveCfg = Debug|Win32
		{33134F61-C1AD-4B6F-9CEA-503A9F140C52}.Debug|x86.Build.0 = Debug|Win32
		{33134F61-C1AD-4B6F-9CEA-503A9F140C52}.Final|x64.ActiveCfg = Release|x64
		{33134F61-C1AD-4B6F-9CEA-503A9F140C52}.Final|x64.Build.0 = Release|x64
		{33134F61-C1AD-4B6F-9CEA-503A9F140C52}.Final|x86.ActiveCfg = Release|Win32
		{33134F61-C1AD-4B6F-9CEA-503A9F140C52}.Final|x86.Build.0 = Release|Win32
		{33134F61-C1AD-4B6F-9CEA-503A9F140C52}.Release|x64.ActiveCfg = Release|x64
		{33134F61-C1AD-4B6F-9CEA-503A9F140C52}.Release|x64.Build.0 = Release|x64
		{33134F61-C1AD-4B6F-9CEA-503A9F140C52}.Release|x86.ActiveCfg = Release|Win32
		{33134F61-C1AD-4B6F-9CEA-503A9F140C52}.Release|x86.Build.0 = Release|Win32
	EndGlobalSection
	GlobalSection(SolutionProperties) = preSolution
		HideSolutionNode = FALSE
	EndGlobalSection
	GlobalSection(NestedProjects) = preSolution
		{537A7B56-CC74-4295-8F5C-64C97902D05D} = {C4E90865-E939-4CF1-8C80-911C368041BF}
		{CFDCA692-E321-43F4-BC61-8323666E28FF} = {D0FFF8EC-55F7-4A36-A695-A3F0C3488631}
		{B39ED2B3-D53A-4077-B957-930979A3577D} = {ABCE8C38-108C-4862-9299-D17EF04888B8}
		{5E1D4E5F-E10C-4BA3-B663-F33014FD21D9} = {ABCE8C38-108C-4862-9299-D17EF04888B8}
		{244455E0-5F25-4451-9540-F317883E52A8} = {ABCE8C38-108C-4862-9299-D17EF04888B8}
		{E3536C28-A7F1-4B53-8E52-7D2232F9E098} = {ABCE8C38-108C-4862-9299-D17EF04888B8}
		{7DB10B50-CE00-4D7A-B322-6824F05D2FCB} = {ABCE8C38-108C-4862-9299-D17EF04888B8}
		{07F662C1-1323-42AB-B6AF-FBFD34A7437A} = {ABCE8C38-108C-4862-9299-D17EF04888B8}
		{EC085CBD-E9C3-477F-9A97-CB9D5DA30E27} = {ABCE8C38-108C-4862-9299-D17EF04888B8}
		{097D9F6C-FD0E-4CBC-9676-009012AAECA8} = {ABCE8C38-108C-4862-9299-D17EF04888B8}
		{17A4874B-0606-4687-90B6-F91F8CB3B8AF} = {ABCE8C38-108C-4862-9299-D17EF04888B8}
		{33134F61-C1AD-4B6F-9CEA-503A9F140C52} = {ABCE8C38-108C-4862-9299-D17EF04888B8}
	EndGlobalSection
	GlobalSection(ExtensibilityGlobals) = postSolution
		SolutionGuid = {4FDA5A4D-FE36-4FCC-ADB8-0F9D15DB60B5}
	EndGlobalSection
EndGlobal
